# This file was autogenerated by Stack.
# You should not edit this file by hand.
# For more information, please see the documentation at:
#   https://docs.haskellstack.org/en/stable/lock_files

packages: []
snapshots:
- completed:
    size: 508636
    url: https://raw.githubusercontent.com/commercialhaskell/stackage-snapshots/master/nightly/2017/10/13.yaml
    sha256: aaf907e4cfa7c000dd3d9dd963d2e1ed9f219c3088479aa340573d3b25d5fabb
  original: nightly-2017-10-13
